
Microsoft Visual Studio Solution File, Format Version 12.00
# Visual Studio Version 17
VisualStudioVersion = 17.4.33103.184
MinimumVisualStudioVersion = 10.0.40219.1
Project("{FAE04EC0-301F-11D3-BF4B-00C04F79EFBC}") = "MySqlExpress_Helper", "MySqlExpress_Helper\MySqlExpress_Helper.csproj", "{D646AF32-6071-4E48-9FD7-EF15A94682CF}"
EndProject
Project("{FAE04EC0-301F-11D3-BF4B-00C04F79EFBC}") = "MySqlExpress_DemoWebForms", "MySqlExpress_DemoWebForms\MySqlExpress_DemoWebForms.csproj", "{FB708306-2F4E-49C2-82B5-4C1005B9DDBC}"
EndProject
Project("{9A19103F-16F7-4668-BE54-9A1E7A4F7556}") = "MySqlExpress", "MySqlExpress\MySqlExpress.csproj", "{28C7152A-5AC1-4204-8B1E-C0EB562FF92B}"
EndProject
Global
	GlobalSection(SolutionConfigurationPlatforms) = preSolution
		Debug|Any CPU = Debug|Any CPU
		Debug|x64 = Debug|x64
		Debug|x86 = Debug|x86
		Release|Any CPU = Release|Any CPU
		Release|x64 = Release|x64
		Release|x86 = Release|x86
		totalRelease|Any CPU = totalRelease|Any CPU
		totalRelease|x64 = totalRelease|x64
		totalRelease|x86 = totalRelease|x86
	EndGlobalSection
	GlobalSection(ProjectConfigurationPlatforms) = postSolution
		{D646AF32-6071-4E48-9FD7-EF15A94682CF}.Debug|Any CPU.ActiveCfg = Debug|Any CPU
		{D646AF32-6071-4E48-9FD7-EF15A94682CF}.Debug|Any CPU.Build.0 = Debug|Any CPU
		{D646AF32-6071-4E48-9FD7-EF15A94682CF}.Debug|x64.ActiveCfg = Debug|Any CPU
		{D646AF32-6071-4E48-9FD7-EF15A94682CF}.Debug|x64.Build.0 = Debug|Any CPU
		{D646AF32-6071-4E48-9FD7-EF15A94682CF}.Debug|x86.ActiveCfg = Debug|Any CPU
		{D646AF32-6071-4E48-9FD7-EF15A94682CF}.Debug|x86.Build.0 = Debug|Any CPU
		{D646AF32-6071-4E48-9FD7-EF15A94682CF}.Release|Any CPU.ActiveCfg = Release|Any CPU
		{D646AF32-6071-4E48-9FD7-EF15A94682CF}.Release|Any CPU.Build.0 = Release|Any CPU
		{D646AF32-6071-4E48-9FD7-EF15A94682CF}.Release|x64.ActiveCfg = Release|Any CPU
		{D646AF32-6071-4E48-9FD7-EF15A94682CF}.Release|x64.Build.0 = Release|Any CPU
		{D646AF32-6071-4E48-9FD7-EF15A94682CF}.Release|x86.ActiveCfg = Release|Any CPU
		{D646AF32-6071-4E48-9FD7-EF15A94682CF}.Release|x86.Build.0 = Release|Any CPU
		{D646AF32-6071-4E48-9FD7-EF15A94682CF}.totalRelease|Any CPU.ActiveCfg = Release|Any CPU
		{D646AF32-6071-4E48-9FD7-EF15A94682CF}.totalRelease|Any CPU.Build.0 = Release|Any CPU
		{D646AF32-6071-4E48-9FD7-EF15A94682CF}.totalRelease|x64.ActiveCfg = Release|Any CPU
		{D646AF32-6071-4E48-9FD7-EF15A94682CF}.totalRelease|x64.Build.0 = Release|Any CPU
		{D646AF32-6071-4E48-9FD7-EF15A94682CF}.totalRelease|x86.ActiveCfg = Release|Any CPU
		{D646AF32-6071-4E48-9FD7-EF15A94682CF}.totalRelease|x86.Build.0 = Release|Any CPU
		{FB708306-2F4E-49C2-82B5-4C1005B9DDBC}.Debug|Any CPU.ActiveCfg = Debug|Any CPU
		{FB708306-2F4E-49C2-82B5-4C1005B9DDBC}.Debug|Any CPU.Build.0 = Debug|Any CPU
		{FB708306-2F4E-49C2-82B5-4C1005B9DDBC}.Debug|x64.ActiveCfg = Debug|Any CPU
		{FB708306-2F4E-49C2-82B5-4C1005B9DDBC}.Debug|x64.Build.0 = Debug|Any CPU
		{FB708306-2F4E-49C2-82B5-4C1005B9DDBC}.Debug|x86.ActiveCfg = Debug|Any CPU
		{FB708306-2F4E-49C2-82B5-4C1005B9DDBC}.Debug|x86.Build.0 = Debug|Any CPU
		{FB708306-2F4E-49C2-82B5-4C1005B9DDBC}.Release|Any CPU.ActiveCfg = Release|Any CPU
		{FB708306-2F4E-49C2-82B5-4C1005B9DDBC}.Release|Any CPU.Build.0 = Release|Any CPU
		{FB708306-2F4E-49C2-82B5-4C1005B9DDBC}.Release|x64.ActiveCfg = Release|Any CPU
		{FB708306-2F4E-49C2-82B5-4C1005B9DDBC}.Release|x64.Build.0 = Release|Any CPU
		{FB708306-2F4E-49C2-82B5-4C1005B9DDBC}.Release|x86.ActiveCfg = Release|Any CPU
		{FB708306-2F4E-49C2-82B5-4C1005B9DDBC}.Release|x86.Build.0 = Release|Any CPU
		{FB708306-2F4E-49C2-82B5-4C1005B9DDBC}.totalRelease|Any CPU.ActiveCfg = Release|Any CPU
		{FB708306-2F4E-49C2-82B5-4C1005B9DDBC}.totalRelease|Any CPU.Build.0 = Release|Any CPU
		{FB708306-2F4E-49C2-82B5-4C1005B9DDBC}.totalRelease|x64.ActiveCfg = Release|Any CPU
		{FB708306-2F4E-49C2-82B5-4C1005B9DDBC}.totalRelease|x64.Build.0 = Release|Any CPU
		{FB708306-2F4E-49C2-82B5-4C1005B9DDBC}.totalRelease|x86.ActiveCfg = Release|Any CPU
		{FB708306-2F4E-49C2-82B5-4C1005B9DDBC}.totalRelease|x86.Build.0 = Release|Any CPU
		{28C7152A-5AC1-4204-8B1E-C0EB562FF92B}.Debug|Any CPU.ActiveCfg = Debug|Any CPU
		{28C7152A-5AC1-4204-8B1E-C0EB562FF92B}.Debug|Any CPU.Build.0 = Debug|Any CPU
		{28C7152A-5AC1-4204-8B1E-C0EB562FF92B}.Debug|x64.ActiveCfg = Debug|Any CPU
		{28C7152A-5AC1-4204-8B1E-C0EB562FF92B}.Debug|x64.Build.0 = Debug|Any CPU
		{28C7152A-5AC1-4204-8B1E-C0EB562FF92B}.Debug|x86.ActiveCfg = Debug|Any CPU
		{28C7152A-5AC1-4204-8B1E-C0EB562FF92B}.Debug|x86.Build.0 = Debug|Any CPU
		{28C7152A-5AC1-4204-8B1E-C0EB562FF92B}.Release|Any CPU.ActiveCfg = Release|Any CPU
		{28C7152A-5AC1-4204-8B1E-C0EB562FF92B}.Release|Any CPU.Build.0 = Release|Any CPU
		{28C7152A-5AC1-4204-8B1E-C0EB562FF92B}.Release|x64.ActiveCfg = Release|Any CPU
		{28C7152A-5AC1-4204-8B1E-C0EB562FF92B}.Release|x64.Build.0 = Release|Any CPU
		{28C7152A-5AC1-4204-8B1E-C0EB562FF92B}.Release|x86.ActiveCfg = Release|Any CPU
		{28C7152A-5AC1-4204-8B1E-C0EB562FF92B}.Release|x86.Build.0 = Release|Any CPU
		{28C7152A-5AC1-4204-8B1E-C0EB562FF92B}.totalRelease|Any CPU.ActiveCfg = Release|Any CPU
		{28C7152A-5AC1-4204-8B1E-C0EB562FF92B}.totalRelease|Any CPU.Build.0 = Release|Any CPU
		{28C7152A-5AC1-4204-8B1E-C0EB562FF92B}.totalRelease|x64.ActiveCfg = Release|Any CPU
		{28C7152A-5AC1-4204-8B1E-C0EB562FF92B}.totalRelease|x64.Build.0 = Release|Any CPU
		{28C7152A-5AC1-4204-8B1E-C0EB562FF92B}.totalRelease|x86.ActiveCfg = Release|Any CPU
		{28C7152A-5AC1-4204-8B1E-C0EB562FF92B}.totalRelease|x86.Build.0 = Release|Any CPU
	EndGlobalSection
	GlobalSection(SolutionProperties) = preSolution
		HideSolutionNode = FALSE
	EndGlobalSection
	GlobalSection(ExtensibilityGlobals) = postSolution
		SolutionGuid = {BA5E7EEA-8AEE-4218-A6D1-9C21511C4D42}
	EndGlobalSection
EndGlobal
